
Microsoft Visual Studio Solution File, Format Version 12.00
# Visual Studio 15
Project("{FAE04EC0-301F-11D3-BF4B-00C04F79EFBC}") = "UnityEngine.UI", "UnityEngine.UI.csproj", "{0668BC84-D29D-13C0-864D-F9916F9B07DC}"
EndProject
Project("{FAE04EC0-301F-11D3-BF4B-00C04F79EFBC}") = "Assembly-CSharp", "Assembly-CSharp.csproj", "{46F4AF04-C93C-7DBD-5C87-9A62BAA487D4}"
EndProject
Project("{FAE04EC0-301F-11D3-BF4B-00C04F79EFBC}") = "Unity.2D.Sprite.Editor", "Unity.2D.Sprite.Editor.csproj", "{F6A6B039-AA53-8718-308C-9A635812F7FE}"
EndProject
Project("{FAE04EC0-301F-11D3-BF4B-00C04F79EFBC}") = "UnityEditor.UI", "UnityEditor.UI.csproj", "{FCADD6D3-F083-2267-3FB6-11CE8670D2EA}"
EndProject
Project("{FAE04EC0-301F-11D3-BF4B-00C04F79EFBC}") = "Unity.2D.Tilemap.Editor", "Unity.2D.Tilemap.Editor.csproj", "{0D20E530-3848-36E8-9192-6D2F826307C5}"
EndProject
Project("{FAE04EC0-301F-11D3-BF4B-00C04F79EFBC}") = "Assembly-CSharp.Player", "Assembly-CSharp.Player.csproj", "{6066E543-6188-A440-E372-875A7F02E00F}"
EndProject
Global
	GlobalSection(SolutionConfigurationPlatforms) = preSolution
		Debug|Any CPU = Debug|Any CPU
		Release|Any CPU = Release|Any CPU
	EndGlobalSection
	GlobalSection(ProjectConfigurationPlatforms) = postSolution
		{0668BC84-D29D-13C0-864D-F9916F9B07DC}.Debug|Any CPU.ActiveCfg = Debug|Any CPU
		{0668BC84-D29D-13C0-864D-F9916F9B07DC}.Debug|Any CPU.Build.0 = Debug|Any CPU
		{0668BC84-D29D-13C0-864D-F9916F9B07DC}.Release|Any CPU.ActiveCfg = Release|Any CPU
		{0668BC84-D29D-13C0-864D-F9916F9B07DC}.Release|Any CPU.Build.0 = Release|Any CPU
		{46F4AF04-C93C-7DBD-5C87-9A62BAA487D4}.Debug|Any CPU.ActiveCfg = Debug|Any CPU
		{46F4AF04-C93C-7DBD-5C87-9A62BAA487D4}.Debug|Any CPU.Build.0 = Debug|Any CPU
		{46F4AF04-C93C-7DBD-5C87-9A62BAA487D4}.Release|Any CPU.ActiveCfg = Release|Any CPU
		{46F4AF04-C93C-7DBD-5C87-9A62BAA487D4}.Release|Any CPU.Build.0 = Release|Any CPU
		{F6A6B039-AA53-8718-308C-9A635812F7FE}.Debug|Any CPU.ActiveCfg = Debug|Any CPU
		{F6A6B039-AA53-8718-308C-9A635812F7FE}.Debug|Any CPU.Build.0 = Debug|Any CPU
		{F6A6B039-AA53-8718-308C-9A635812F7FE}.Release|Any CPU.ActiveCfg = Release|Any CPU
		{F6A6B039-AA53-8718-308C-9A635812F7FE}.Release|Any CPU.Build.0 = Release|Any CPU
		{FCADD6D3-F083-2267-3FB6-11CE8670D2EA}.Debug|Any CPU.ActiveCfg = Debug|Any CPU
		{FCADD6D3-F083-2267-3FB6-11CE8670D2EA}.Debug|Any CPU.Build.0 = Debug|Any CPU
		{FCADD6D3-F083-2267-3FB6-11CE8670D2EA}.Release|Any CPU.ActiveCfg = Release|Any CPU
		{FCADD6D3-F083-2267-3FB6-11CE8670D2EA}.Release|Any CPU.Build.0 = Release|Any CPU
		{0D20E530-3848-36E8-9192-6D2F826307C5}.Debug|Any CPU.ActiveCfg = Debug|Any CPU
		{0D20E530-3848-36E8-9192-6D2F826307C5}.Debug|Any CPU.Build.0 = Debug|Any CPU
		{0D20E530-3848-36E8-9192-6D2F826307C5}.Release|Any CPU.ActiveCfg = Release|Any CPU
		{0D20E530-3848-36E8-9192-6D2F826307C5}.Release|Any CPU.Build.0 = Release|Any CPU
		{6066E543-6188-A440-E372-875A7F02E00F}.Debug|Any CPU.ActiveCfg = Debug|Any CPU
		{6066E543-6188-A440-E372-875A7F02E00F}.Debug|Any CPU.Build.0 = Debug|Any CPU
		{6066E543-6188-A440-E372-875A7F02E00F}.Release|Any CPU.ActiveCfg = Release|Any CPU
		{6066E543-6188-A440-E372-875A7F02E00F}.Release|Any CPU.Build.0 = Release|Any CPU
	EndGlobalSection
	GlobalSection(SolutionProperties) = preSolution
		HideSolutionNode = FALSE
	EndGlobalSection
EndGlobal
